
Microsoft Visual Studio Solution File, Format Version 12.00
# Visual Studio Version 17
VisualStudioVersion = 17.8.34330.188
MinimumVisualStudioVersion = 10.0.40219.1
Project("{9A19103F-16F7-4668-BE54-9A1E7A4F7556}") = "WebApi", "WebApi\WebApi.csproj", "{28A5F08D-C4FD-4DBB-B0F2-D8ADB7102187}"
EndProject
Project("{9A19103F-16F7-4668-BE54-9A1E7A4F7556}") = "Repository", "Repository\Repository.csproj", "{0291E0E0-98B8-4A9E-A579-517F8527A05E}"
EndProject
Project("{9A19103F-16F7-4668-BE54-9A1E7A4F7556}") = "Services", "Services\Services.csproj", "{C2D4B417-1FDD-4D55-8E4F-4BBEF72ABB70}"
EndProject
Project("{9A19103F-16F7-4668-BE54-9A1E7A4F7556}") = "Exceptions", "Exceptions\Exceptions.csproj", "{02C57561-8D24-4C68-9126-23EFC0C4A8F5}"
EndProject
Project("{2150E333-8FDC-42A3-9474-1A3956D46DE8}") = "Utils", "Utils", "{85F2D9A1-C593-48FA-8CF5-64B891E9789F}"
EndProject
Project("{2150E333-8FDC-42A3-9474-1A3956D46DE8}") = "Tests", "Tests", "{67E6A5BD-AAA9-4124-A392-7917F83EE937}"
EndProject
Global
	GlobalSection(SolutionConfigurationPlatforms) = preSolution
		Debug|Any CPU = Debug|Any CPU
		Release|Any CPU = Release|Any CPU
	EndGlobalSection
	GlobalSection(ProjectConfigurationPlatforms) = postSolution
		{28A5F08D-C4FD-4DBB-B0F2-D8ADB7102187}.Debug|Any CPU.ActiveCfg = Debug|Any CPU
		{28A5F08D-C4FD-4DBB-B0F2-D8ADB7102187}.Debug|Any CPU.Build.0 = Debug|Any CPU
		{28A5F08D-C4FD-4DBB-B0F2-D8ADB7102187}.Release|Any CPU.ActiveCfg = Release|Any CPU
		{28A5F08D-C4FD-4DBB-B0F2-D8ADB7102187}.Release|Any CPU.Build.0 = Release|Any CPU
		{0291E0E0-98B8-4A9E-A579-517F8527A05E}.Debug|Any CPU.ActiveCfg = Debug|Any CPU
		{0291E0E0-98B8-4A9E-A579-517F8527A05E}.Debug|Any CPU.Build.0 = Debug|Any CPU
		{0291E0E0-98B8-4A9E-A579-517F8527A05E}.Release|Any CPU.ActiveCfg = Release|Any CPU
		{0291E0E0-98B8-4A9E-A579-517F8527A05E}.Release|Any CPU.Build.0 = Release|Any CPU
		{C2D4B417-1FDD-4D55-8E4F-4BBEF72ABB70}.Debug|Any CPU.ActiveCfg = Debug|Any CPU
		{C2D4B417-1FDD-4D55-8E4F-4BBEF72ABB70}.Debug|Any CPU.Build.0 = Debug|Any CPU
		{C2D4B417-1FDD-4D55-8E4F-4BBEF72ABB70}.Release|Any CPU.ActiveCfg = Release|Any CPU
		{C2D4B417-1FDD-4D55-8E4F-4BBEF72ABB70}.Release|Any CPU.Build.0 = Release|Any CPU
		{02C57561-8D24-4C68-9126-23EFC0C4A8F5}.Debug|Any CPU.ActiveCfg = Debug|Any CPU
		{02C57561-8D24-4C68-9126-23EFC0C4A8F5}.Debug|Any CPU.Build.0 = Debug|Any CPU
		{02C57561-8D24-4C68-9126-23EFC0C4A8F5}.Release|Any CPU.ActiveCfg = Release|Any CPU
		{02C57561-8D24-4C68-9126-23EFC0C4A8F5}.Release|Any CPU.Build.0 = Release|Any CPU
	EndGlobalSection
	GlobalSection(SolutionProperties) = preSolution
		HideSolutionNode = FALSE
	EndGlobalSection
	GlobalSection(NestedProjects) = preSolution
		{02C57561-8D24-4C68-9126-23EFC0C4A8F5} = {85F2D9A1-C593-48FA-8CF5-64B891E9789F}
	EndGlobalSection
	GlobalSection(ExtensibilityGlobals) = postSolution
		SolutionGuid = {EA38CD6D-DD1D-4678-A9F0-FE5CD794A791}
	EndGlobalSection
EndGlobal
